
Microsoft Visual Studio Solution File, Format Version 12.00
# Visual Studio 15
VisualStudioVersion = 15.0.27428.2015
MinimumVisualStudioVersion = 10.0.40219.1
Project("{888888A0-9F3D-457C-B088-3A5042F75D52}") = "PyTeste", "PyTeste\PyTeste.pyproj", "{9E6ED7CB-FF86-47F0-AC25-0E95F88BFE64}"
EndProject
Global
	GlobalSection(SolutionConfigurationPlatforms) = preSolution
		Debug|Any CPU = Debug|Any CPU
		Release|Any CPU = Release|Any CPU
	EndGlobalSection
	GlobalSection(ProjectConfigurationPlatforms) = postSolution
		{9E6ED7CB-FF86-47F0-AC25-0E95F88BFE64}.Debug|Any CPU.ActiveCfg = Debug|Any CPU
		{9E6ED7CB-FF86-47F0-AC25-0E95F88BFE64}.Release|Any CPU.ActiveCfg = Release|Any CPU
	EndGlobalSection
	GlobalSection(SolutionProperties) = preSolution
		HideSolutionNode = FALSE
	EndGlobalSection
	GlobalSection(ExtensibilityGlobals) = postSolution
		SolutionGuid = {A339CE8F-D6B6-448B-8915-8E16289E4273}
	EndGlobalSection
EndGlobal
